
Microsoft Visual Studio Solution File, Format Version 12.00
# Visual Studio 2013
VisualStudioVersion = 12.0.40629.0
MinimumVisualStudioVersion = 10.0.40219.1
Project("{FAE04EC0-301F-11D3-BF4B-00C04F79EFBC}") = "Example.Data", "Example.Data\Example.Data.csproj", "{663FE2F9-8C1B-4243-93F7-2BC8B010E852}"
EndProject
Project("{FAE04EC0-301F-11D3-BF4B-00C04F79EFBC}") = "Example", "Example\Example.csproj", "{FB1820D5-0AC5-4366-A07C-A1E24AE9E115}"
EndProject
Global
	GlobalSection(SolutionConfigurationPlatforms) = preSolution
		Debug|Any CPU = Debug|Any CPU
		Release|Any CPU = Release|Any CPU
	EndGlobalSection
	GlobalSection(ProjectConfigurationPlatforms) = postSolution
		{663FE2F9-8C1B-4243-93F7-2BC8B010E852}.Debug|Any CPU.ActiveCfg = Debug|Any CPU
		{663FE2F9-8C1B-4243-93F7-2BC8B010E852}.Debug|Any CPU.Build.0 = Debug|Any CPU
		{663FE2F9-8C1B-4243-93F7-2BC8B010E852}.Release|Any CPU.ActiveCfg = Release|Any CPU
		{663FE2F9-8C1B-4243-93F7-2BC8B010E852}.Release|Any CPU.Build.0 = Release|Any CPU
		{FB1820D5-0AC5-4366-A07C-A1E24AE9E115}.Debug|Any CPU.ActiveCfg = Debug|Any CPU
		{FB1820D5-0AC5-4366-A07C-A1E24AE9E115}.Debug|Any CPU.Build.0 = Debug|Any CPU
		{FB1820D5-0AC5-4366-A07C-A1E24AE9E115}.Release|Any CPU.ActiveCfg = Release|Any CPU
		{FB1820D5-0AC5-4366-A07C-A1E24AE9E115}.Release|Any CPU.Build.0 = Release|Any CPU
	EndGlobalSection
	GlobalSection(SolutionProperties) = preSolution
		HideSolutionNode = FALSE
	EndGlobalSection
EndGlobal
